<Solution>
  <Folder Name="/src/">
    <Project Path="src/MCPHub.Core/MCPHub.Core.csproj" />
    <Project Path="src/MCPHub.Proxy/MCPHub.Proxy.csproj" />
    <Project Path="src/MCPHub.AppHost/MCPHub.AppHost.csproj" />
    <Project Path="src/MCPHub.App/MCPHub.App.csproj" />
  </Folder>
  <Folder Name="/tests/">
    <Project Path="tests/MCPHub.Tests/MCPHub.Tests.csproj" />
  </Folder>
</Solution>
